lockfileVersion: '9.0'

settings:
  autoInstallPeers: true
  excludeLinksFromLockfile: false

importers:

  .:
    dependencies:
      '@awmottaz/prettier-plugin-void-html':
        specifier: ^2.1.0
        version: 2.1.0(prettier@3.7.4)
      d3-dispatch:
        specifier: ^3.0.1
        version: 3.0.1
      d3-force:
        specifier: ^3.0.0
        version: 3.0.0
      d3-quadtree:
        specifier: ^3.0.1
        version: 3.0.1
      d3-timer:
        specifier: ^3.0.1
        version: 3.0.1
      force-graph:
        specifier: ^1.51.4
        version: 1.51.4
      prettier:
        specifier: ~3.7.4
        version: 3.7.4
      prettier-plugin-go-template:
        specifier: ^0.0.15
        version: 0.0.15(prettier@3.7.4)
      prettier-plugin-tailwindcss:
        specifier: ^0.7.2
        version: 0.7.2(prettier@3.7.4)
      rumdl:
        specifier: ^0.2.20
        version: 0.2.20
      vendor-copy:
        specifier: ^3.0.1
        version: 3.0.1
    devDependencies:
      husky:
        specifier: ^9.1.7
        version: 9.1.7

packages:

  '@awmottaz/prettier-plugin-void-html@2.1.0':
    resolution: {integrity: sha512-csoLknjo0lcqkhlsp3qg0jLSmQnow1sLwJTt3oAQmUyIbBtIXVUX1TBk+ay6HvphsUtkWGW8lyAcr/3I4gRJQQ==}
    peerDependencies:
      prettier: 3.0.0 - 3.8.x

  '@rumdl/cli-darwin-arm64@0.2.20':
    resolution: {integrity: sha512-/B8XiJurw01r44JrRVi6lQKq9jMOYA/YHPfT535+1/owwikec3K6OSXb2bya1ByuKVDcQ7tF551Rpj+Z2RpJxw==}
    engines: {node: '>=18.0.0'}
    cpu: [arm64]
    os: [darwin]

  '@rumdl/cli-darwin-x64@0.2.20':
    resolution: {integrity: sha512-0Qhm6MFaZbn5g+8RITS/tpTrOaivnFaUdxbMmpZzm0gB2KSZRv2M9qNuMKbVa+5x+X0NdyDqGy2dvSidB7CYPg==}
    engines: {node: '>=18.0.0'}
    cpu: [x64]
    os: [darwin]

  '@rumdl/cli-linux-arm64-musl@0.2.20':
    resolution: {integrity: sha512-ZrKCK2h++J66LhF0mA1kKHTuLuWW19CiK1e0PiqJnQpgWAm8y0t2XtpPHX39SoO7XE2lb9QSVjhHyK3t6rHOkQ==}
    engines: {node: '>=18.0.0'}
    cpu: [arm64]
    os: [linux]
    libc: [musl]

  '@rumdl/cli-linux-arm64@0.2.20':
    resolution: {integrity: sha512-Vo3aCVHLbXipfwzZ8nRN9nzmsOu6siMEVs9p94C+5Wxeq3fQK6RtjpjYmmsTQUOnmn4IY2lJNh/wTqkNWUe0Cg==}
    engines: {node: '>=18.0.0'}
    cpu: [arm64]
    os: [linux]
    libc: [glibc]

  '@rumdl/cli-linux-x64-musl@0.2.20':
    resolution: {integrity: sha512-SdW1h29ZH6eiLH/fyQTmln1Z4ez6zT2MSqzgCZAR1OveLtpZlWp5w/3IYPrMiycWNq67PBjyMe7bw3nMHQ+LBQ==}
    engines: {node: '>=18.0.0'}
    cpu: [x64]
    os: [linux]
    libc: [musl]

  '@rumdl/cli-linux-x64@0.2.20':
    resolution: {integrity: sha512-K4lfXN/3vrqKydPXN5n2YJr25nPRsCIZR9p3SaklMZoghu4T5QoDPWK72qgMZXgkzPgJaKxPblZaWM6pJ2iNZg==}
    engines: {node: '>=18.0.0'}
    cpu: [x64]
    os: [linux]
    libc: [glibc]

  '@rumdl/cli-win32-x64@0.2.20':
    resolution: {integrity: sha512-lXIsJlxahGHgj3n8uR/rdfsG5179sECAZzax6FUxhMVj6WQCpE/KgJ1btUgTCB4RFFqhjjsPld89tx5me3XYHg==}
    engines: {node: '>=18.0.0'}
    cpu: [x64]
    os: [win32]

  '@tweenjs/tween.js@25.0.0':
    resolution: {integrity: sha512-XKLA6syeBUaPzx4j3qwMqzzq+V4uo72BnlbOjmuljLrRqdsd3qnzvZZoxvMHZ23ndsRS4aufU6JOZYpCbU6T1A==}

  accessor-fn@1.5.3:
    resolution: {integrity: sha512-rkAofCwe/FvYFUlMB0v0gWmhqtfAtV1IUkdPbfhTUyYniu5LrC0A0UJkTH0Jv3S8SvwkmfuAlY+mQIJATdocMA==}
    engines: {node: '>=12'}

  bezier-js@6.1.4:
    resolution: {integrity: sha512-PA0FW9ZpcHbojUCMu28z9Vg/fNkwTj5YhusSAjHHDfHDGLxJ6YUKrAN2vk1fP2MMOxVw4Oko16FMlRGVBGqLKg==}

  canvas-color-tracker@1.3.2:
    resolution: {integrity: sha512-ryQkDX26yJ3CXzb3hxUVNlg1NKE4REc5crLBq661Nxzr8TNd236SaEf2ffYLXyI5tSABSeguHLqcVq4vf9L3Zg==}
    engines: {node: '>=12'}

  d3-array@3.2.4:
    resolution: {integrity: sha512-tdQAmyA18i4J7wprpYq8ClcxZy3SC31QMeByyCFyRt7BVHdREQZ5lpzoe5mFEYZUWe+oq8HBvk9JjpibyEV4Jg==}
    engines: {node: '>=12'}

  d3-binarytree@1.0.2:
    resolution: {integrity: sha512-cElUNH+sHu95L04m92pG73t2MEJXKu+GeKUN1TJkFsu93E5W8E9Sc3kHEGJKgenGvj19m6upSn2EunvMgMD2Yw==}

  d3-color@3.1.0:
    resolution: {integrity: sha512-zg/chbXyeBtMQ1LbD/WSoW2DpC3I0mpmPdW+ynRTj/x2DAWYrIY7qeZIHidozwV24m4iavr15lNwIwLxRmOxhA==}
    engines: {node: '>=12'}

  d3-dispatch@3.0.1:
    resolution: {integrity: sha512-rzUyPU/S7rwUflMyLc1ETDeBj0NRuHKKAcvukozwhshr6g6c5d8zh4c2gQjY2bZ0dXeGLWc1PF174P2tVvKhfg==}
    engines: {node: '>=12'}

  d3-drag@3.0.0:
    resolution: {integrity: sha512-pWbUJLdETVA8lQNJecMxoXfH6x+mO2UQo8rSmZ+QqxcbyA3hfeprFgIT//HW2nlHChWeIIMwS2Fq+gEARkhTkg==}
    engines: {node: '>=12'}

  d3-ease@3.0.1:
    resolution: {integrity: sha512-wR/XK3D3XcLIZwpbvQwQ5fK+8Ykds1ip7A2Txe0yxncXSdq1L9skcG7blcedkOX+ZcgxGAmLX1FrRGbADwzi0w==}
    engines: {node: '>=12'}

  d3-force-3d@3.0.6:
    resolution: {integrity: sha512-4tsKHUPLOVkyfEffZo1v6sFHvGFwAIIjt/W8IThbp08DYAsXZck+2pSHEG5W1+gQgEvFLdZkYvmJAbRM2EzMnA==}
    engines: {node: '>=12'}

  d3-force@3.0.0:
    resolution: {integrity: sha512-zxV/SsA+U4yte8051P4ECydjD/S+qeYtnaIyAs9tgHCqfguma/aAQDjo85A9Z6EKhBirHRJHXIgJUlffT4wdLg==}
    engines: {node: '>=12'}

  d3-format@3.1.2:
    resolution: {integrity: sha512-AJDdYOdnyRDV5b6ArilzCPPwc1ejkHcoyFarqlPqT7zRYjhavcT3uSrqcMvsgh2CgoPbK3RCwyHaVyxYcP2Arg==}
    engines: {node: '>=12'}

  d3-interpolate@3.0.1:
    resolution: {integrity: sha512-3bYs1rOD33uo8aqJfKP3JWPAibgw8Zm2+L9vBKEHJ2Rg+viTR7o5Mmv5mZcieN+FRYaAOWX5SJATX6k1PWz72g==}
    engines: {node: '>=12'}

  d3-octree@1.1.0:
    resolution: {integrity: sha512-F8gPlqpP+HwRPMO/8uOu5wjH110+6q4cgJvgJT6vlpy3BEaDIKlTZrgHKZSp/i1InRpVfh4puY/kvL6MxK930A==}

  d3-quadtree@3.0.1:
    resolution: {integrity: sha512-04xDrxQTDTCFwP5H6hRhsRcb9xxv2RzkcsygFzmkSIOJy3PeRJP7sNk3VRIbKXcog561P9oU0/rVH6vDROAgUw==}
    engines: {node: '>=12'}

  d3-scale-chromatic@3.1.0:
    resolution: {integrity: sha512-A3s5PWiZ9YCXFye1o246KoscMWqf8BsD9eRiJ3He7C9OBaxKhAd5TFCdEx/7VbKtxxTsu//1mMJFrEt572cEyQ==}
    engines: {node: '>=12'}

  d3-scale@4.0.2:
    resolution: {integrity: sha512-GZW464g1SH7ag3Y7hXjf8RoUuAFIqklOAq3MRl4OaWabTFJY9PN/E1YklhXLh+OQ3fM9yS2nOkCoS+WLZ6kvxQ==}
    engines: {node: '>=12'}

  d3-selection@3.0.0:
    resolution: {integrity: sha512-fmTRWbNMmsmWq6xJV8D19U/gw/bwrHfNXxrIN+HfZgnzqTHp9jOmKMhsTUjXOJnZOdZY9Q28y4yebKzqDKlxlQ==}
    engines: {node: '>=12'}

  d3-time-format@4.1.0:
    resolution: {integrity: sha512-dJxPBlzC7NugB2PDLwo9Q8JiTR3M3e4/XANkreKSUxF8vvXKqm1Yfq4Q5dl8budlunRVlUUaDUgFt7eA8D6NLg==}
    engines: {node: '>=12'}

  d3-time@3.1.0:
    resolution: {integrity: sha512-VqKjzBLejbSMT4IgbmVgDjpkYrNWUYJnbCGo874u7MMKIWsILRX+OpX/gTk8MqjpT1A/c6HY2dCA77ZN0lkQ2Q==}
    engines: {node: '>=12'}

  d3-timer@3.0.1:
    resolution: {integrity: sha512-ndfJ/JxxMd3nw31uyKoY2naivF+r29V+Lc0svZxe1JvvIRmi8hUsrMvdOwgS1o6uBHmiz91geQ0ylPP0aj1VUA==}
    engines: {node: '>=12'}

  d3-transition@3.0.1:
    resolution: {integrity: sha512-ApKvfjsSR6tg06xrL434C0WydLr7JewBB3V+/39RMHsaXTOG0zmt/OAXeng5M5LBm0ojmxJrpomQVZ1aPvBL4w==}
    engines: {node: '>=12'}
    peerDependencies:
      d3-selection: 2 - 3

  d3-zoom@3.0.0:
    resolution: {integrity: sha512-b8AmV3kfQaqWAuacbPuNbL6vahnOJflOhexLzMMNLga62+/nh0JzvJ0aO/5a5MVgUFGS7Hu1P9P03o3fJkDCyw==}
    engines: {node: '>=12'}

  float-tooltip@1.7.5:
    resolution: {integrity: sha512-/kXzuDnnBqyyWyhDMH7+PfP8J/oXiAavGzcRxASOMRHFuReDtofizLLJsf7nnDLAfEaMW4pVWaXrAjtnglpEkg==}
    engines: {node: '>=12'}

  force-graph@1.51.4:
    resolution: {integrity: sha512-TdJ2KbkoiDQ7NIRx8IPGD0mAXXpLhamS7c+b7W98b0MHG7lphnda1VOQX/98UDTsttIAdH4TcP0l0MauSnLK8w==}
    engines: {node: '>=12'}

  husky@9.1.7:
    resolution: {integrity: sha512-5gs5ytaNjBrh5Ow3zrvdUUY+0VxIuWVL4i9irt6friV+BqdCfmV11CQTWMiBYWHbXhco+J1kHfTOUkePhCDvMA==}
    engines: {node: '>=18'}
    hasBin: true

  index-array-by@1.4.2:
    resolution: {integrity: sha512-SP23P27OUKzXWEC/TOyWlwLviofQkCSCKONnc62eItjp69yCZZPqDQtr3Pw5gJDnPeUMqExmKydNZaJO0FU9pw==}
    engines: {node: '>=12'}

  internmap@2.0.3:
    resolution: {integrity: sha512-5Hh7Y1wQbvY5ooGgPbDaL5iYLAPzMTUrjMulskHLH6wnv/A+1q5rgEaiuqEjB+oxGXIVZs1FF+R/KPN3ZSQYYg==}
    engines: {node: '>=12'}

  kapsule@1.16.3:
    resolution: {integrity: sha512-4+5mNNf4vZDSwPhKprKwz3330iisPrb08JyMgbsdFrimBCKNHecua/WBwvVg3n7vwx0C1ARjfhwIpbrbd9n5wg==}
    engines: {node: '>=12'}

  lodash-es@4.18.1:
    resolution: {integrity: sha512-J8xewKD/Gk22OZbhpOVSwcs60zhd95ESDwezOFuA3/099925PdHJ7OFHNTGtajL3AlZkykD32HykiMo+BIBI8A==}

  ncp@2.0.0:
    resolution: {integrity: sha512-zIdGUrPRFTUELUvr3Gmc7KZ2Sw/h1PiVM0Af/oHB6zgnV1ikqSfRk+TOufi79aHYCW3NiOXmr1BP5nWbzojLaA==}
    hasBin: true

  preact@10.29.7:
    resolution: {integrity: sha512-DCHYrK/B10yUD3ZjLfhZ3WIE/9Vf9VFUODcRE2dRomTYDpJk6z6L9wecSfhfE6M9ZTHUdyQkoC46arIDhEV84Q==}
    peerDependencies:
      preact-render-to-string: '>=5'
    peerDependenciesMeta:
      preact-render-to-string:
        optional: true

  prettier-plugin-go-template@0.0.15:
    resolution: {integrity: sha512-WqU92E1NokWYNZ9mLE6ijoRg6LtIGdLMePt2C7UBDjXeDH9okcRI3zRqtnWR4s5AloiqyvZ66jNBAa9tmRY5EQ==}
    engines: {node: '>=14.0.0'}
    peerDependencies:
      prettier: ^3.0.0

  prettier-plugin-tailwindcss@0.7.2:
    resolution: {integrity: sha512-LkphyK3Fw+q2HdMOoiEHWf93fNtYJwfamoKPl7UwtjFQdei/iIBoX11G6j706FzN3ymX9mPVi97qIY8328vdnA==}
    engines: {node: '>=20.19'}
    peerDependencies:
      '@ianvs/prettier-plugin-sort-imports': '*'
      '@prettier/plugin-hermes': '*'
      '@prettier/plugin-oxc': '*'
      '@prettier/plugin-pug': '*'
      '@shopify/prettier-plugin-liquid': '*'
      '@trivago/prettier-plugin-sort-imports': '*'
      '@zackad/prettier-plugin-twig': '*'
      prettier: ^3.0
      prettier-plugin-astro: '*'
      prettier-plugin-css-order: '*'
      prettier-plugin-jsdoc: '*'
      prettier-plugin-marko: '*'
      prettier-plugin-multiline-arrays: '*'
      prettier-plugin-organize-attributes: '*'
      prettier-plugin-organize-imports: '*'
      prettier-plugin-sort-imports: '*'
      prettier-plugin-svelte: '*'
    peerDependenciesMeta:
      '@ianvs/prettier-plugin-sort-imports':
        optional: true
      '@prettier/plugin-hermes':
        optional: true
      '@prettier/plugin-oxc':
        optional: true
      '@prettier/plugin-pug':
        optional: true
      '@shopify/prettier-plugin-liquid':
        optional: true
      '@trivago/prettier-plugin-sort-imports':
        optional: true
      '@zackad/prettier-plugin-twig':
        optional: true
      prettier-plugin-astro:
        optional: true
      prettier-plugin-css-order:
        optional: true
      prettier-plugin-jsdoc:
        optional: true
      prettier-plugin-marko:
        optional: true
      prettier-plugin-multiline-arrays:
        optional: true
      prettier-plugin-organize-attributes:
        optional: true
      prettier-plugin-organize-imports:
        optional: true
      prettier-plugin-sort-imports:
        optional: true
      prettier-plugin-svelte:
        optional: true

  prettier@3.7.4:
    resolution: {integrity: sha512-v6UNi1+3hSlVvv8fSaoUbggEM5VErKmmpGA7Pl3HF8V6uKY7rvClBOJlH6yNwQtfTueNkGVpOv/mtWL9L4bgRA==}
    engines: {node: '>=14'}
    hasBin: true

  rumdl@0.2.20:
    resolution: {integrity: sha512-LgddG5OsO3EiuKVbMbNZDQH7TUdsHocq8lf3LbBluAOipVFmSovDBGzULxi3jEnHzWMp6zX2/jvDddo7A7CyLw==}
    engines: {node: '>=18.0.0'}
    hasBin: true

  tinycolor2@1.6.0:
    resolution: {integrity: sha512-XPaBkWQJdsf3pLKJV9p4qN/S+fm2Oj8AIPo1BTUhg5oxkvm9+SVEGFdhyOz7tTdUTfvxMiAs4sp6/eZO2Ew+pw==}

  ulid@2.4.0:
    resolution: {integrity: sha512-fIRiVTJNcSRmXKPZtGzFQv9WRrZ3M9eoptl/teFJvjOzmpU+/K/JH6HZ8deBfb5vMEpicJcLn7JmvdknlMq7Zg==}
    hasBin: true

  vendor-copy@3.0.1:
    resolution: {integrity: sha512-XjQ707tDNDVR9HBH2XoDffBB6em2QmWmD52uh8mt+KbFjv94DjDtz/Sh9lXSEWU1POg/fWXnjswe8hW5fqgL+w==}
    engines: {node: '>=12'}
    hasBin: true

snapshots:

  '@awmottaz/prettier-plugin-void-html@2.1.0(prettier@3.7.4)':
    dependencies:
      prettier: 3.7.4

  '@rumdl/cli-darwin-arm64@0.2.20':
    optional: true

  '@rumdl/cli-darwin-x64@0.2.20':
    optional: true

  '@rumdl/cli-linux-arm64-musl@0.2.20':
    optional: true

  '@rumdl/cli-linux-arm64@0.2.20':
    optional: true

  '@rumdl/cli-linux-x64-musl@0.2.20':
    optional: true

  '@rumdl/cli-linux-x64@0.2.20':
    optional: true

  '@rumdl/cli-win32-x64@0.2.20':
    optional: true

  '@tweenjs/tween.js@25.0.0': {}

  accessor-fn@1.5.3: {}

  bezier-js@6.1.4: {}

  canvas-color-tracker@1.3.2:
    dependencies:
      tinycolor2: 1.6.0

  d3-array@3.2.4:
    dependencies:
      internmap: 2.0.3

  d3-binarytree@1.0.2: {}

  d3-color@3.1.0: {}

  d3-dispatch@3.0.1: {}

  d3-drag@3.0.0:
    dependencies:
      d3-dispatch: 3.0.1
      d3-selection: 3.0.0

  d3-ease@3.0.1: {}

  d3-force-3d@3.0.6:
    dependencies:
      d3-binarytree: 1.0.2
      d3-dispatch: 3.0.1
      d3-octree: 1.1.0
      d3-quadtree: 3.0.1
      d3-timer: 3.0.1

  d3-force@3.0.0:
    dependencies:
      d3-dispatch: 3.0.1
      d3-quadtree: 3.0.1
      d3-timer: 3.0.1

  d3-format@3.1.2: {}

  d3-interpolate@3.0.1:
    dependencies:
      d3-color: 3.1.0

  d3-octree@1.1.0: {}

  d3-quadtree@3.0.1: {}

  d3-scale-chromatic@3.1.0:
    dependencies:
      d3-color: 3.1.0
      d3-interpolate: 3.0.1

  d3-scale@4.0.2:
    dependencies:
      d3-array: 3.2.4
      d3-format: 3.1.2
      d3-interpolate: 3.0.1
      d3-time: 3.1.0
      d3-time-format: 4.1.0

  d3-selection@3.0.0: {}

  d3-time-format@4.1.0:
    dependencies:
      d3-time: 3.1.0

  d3-time@3.1.0:
    dependencies:
      d3-array: 3.2.4

  d3-timer@3.0.1: {}

  d3-transition@3.0.1(d3-selection@3.0.0):
    dependencies:
      d3-color: 3.1.0
      d3-dispatch: 3.0.1
      d3-ease: 3.0.1
      d3-interpolate: 3.0.1
      d3-selection: 3.0.0
      d3-timer: 3.0.1

  d3-zoom@3.0.0:
    dependencies:
      d3-dispatch: 3.0.1
      d3-drag: 3.0.0
      d3-interpolate: 3.0.1
      d3-selection: 3.0.0
      d3-transition: 3.0.1(d3-selection@3.0.0)

  float-tooltip@1.7.5:
    dependencies:
      d3-selection: 3.0.0
      kapsule: 1.16.3
      preact: 10.29.7
    transitivePeerDependencies:
      - preact-render-to-string

  force-graph@1.51.4:
    dependencies:
      '@tweenjs/tween.js': 25.0.0
      accessor-fn: 1.5.3
      bezier-js: 6.1.4
      canvas-color-tracker: 1.3.2
      d3-array: 3.2.4
      d3-drag: 3.0.0
      d3-force-3d: 3.0.6
      d3-scale: 4.0.2
      d3-scale-chromatic: 3.1.0
      d3-selection: 3.0.0
      d3-zoom: 3.0.0
      float-tooltip: 1.7.5
      index-array-by: 1.4.2
      kapsule: 1.16.3
      lodash-es: 4.18.1
    transitivePeerDependencies:
      - preact-render-to-string

  husky@9.1.7: {}

  index-array-by@1.4.2: {}

  internmap@2.0.3: {}

  kapsule@1.16.3:
    dependencies:
      lodash-es: 4.18.1

  lodash-es@4.18.1: {}

  ncp@2.0.0: {}

  preact@10.29.7: {}

  prettier-plugin-go-template@0.0.15(prettier@3.7.4):
    dependencies:
      prettier: 3.7.4
      ulid: 2.4.0

  prettier-plugin-tailwindcss@0.7.2(prettier@3.7.4):
    dependencies:
      prettier: 3.7.4

  prettier@3.7.4: {}

  rumdl@0.2.20:
    optionalDependencies:
      '@rumdl/cli-darwin-arm64': 0.2.20
      '@rumdl/cli-darwin-x64': 0.2.20
      '@rumdl/cli-linux-arm64': 0.2.20
      '@rumdl/cli-linux-arm64-musl': 0.2.20
      '@rumdl/cli-linux-x64': 0.2.20
      '@rumdl/cli-linux-x64-musl': 0.2.20
      '@rumdl/cli-win32-x64': 0.2.20

  tinycolor2@1.6.0: {}

  ulid@2.4.0: {}

  vendor-copy@3.0.1:
    dependencies:
      ncp: 2.0.0
